<?xml version="1.0" encoding="utf-8"?>
<Project ToolsVersion="4.0" xmlns="http://schemas.microsoft.com/developer/msbuild/2003">
  <ItemGroup>
    <Filter Include="Source Files">
      <UniqueIdentifier>{4FC737F1-C7A5-4376-A066-2A32D752A2FF}</UniqueIdentifier>
      <Extensions>cpp;c;cc;cxx;def;odl;idl;hpj;bat;asm;asmx</Extensions>
    </Filter>
    <Filter Include="Header Files">
      <UniqueIdentifier>{93995380-89BD-4b04-88EB-625FBE52EBFB}</UniqueIdentifier>
      <Extensions>h;hh;hpp;hxx;hm;inl;inc;xsd</Extensions>
    </Filter>
    <Filter Include="Resource Files">
      <UniqueIdentifier>{67DA6AB6-F800-4c08-8B7A-83BB121AAD01}</UniqueIdentifier>
      <Extensions>rc;ico;cur;bmp;dlg;rc2;rct;bin;rgs;gif;jpg;jpeg;jpe;resx;tiff;tif;png;wav;mfcribbon-ms</Extensions>
    </Filter>
  </ItemGroup>
  <ItemGroup>
    <ClCompile Include="src\main.cpp">
      <Filter>Source Files</Filter>
    </ClCompile>
    <ClCompile Include="src\sw\graph\Bitmap.cpp">
      <Filter>Source Files</Filter>
    </ClCompile>
    <ClCompile Include="src\sw\Task.cpp">
      <Filter>Source Files</Filter>
    </ClCompile>
    <ClCompile Include="src\sw\Dispatcher.cpp">
      <Filter>Source Files</Filter>
    </ClCompile>
    <ClCompile Include="src\sw\util\rect.h">
      <Filter>Source Files</Filter>
    </ClCompile>
    <ClCompile Include="src\sw\Application.cpp">
      <Filter>Source Files</Filter>
    </ClCompile>
    <ClCompile Include="src\sw\Window.cpp">
      <Filter>Source Files</Filter>
    </ClCompile>
    <ClCompile Include="src\sw\Property.cpp">
      <Filter>Source Files</Filter>
    </ClCompile>
    <ClCompile Include="src\sw\Logger.cpp">
      <Filter>Source Files</Filter>
    </ClCompile>
    <ClCompile Include="src\sw\Win32.cpp">
      <Filter>Source Files</Filter>
    </ClCompile>
    <ClCompile Include="src\sw\controls\ControlBase.cpp">
      <Filter>Source Files</Filter>
    </ClCompile>
    <ClCompile Include="src\sw\controls\RootControl.cpp">
      <Filter>Source Files</Filter>
    </ClCompile>
    <ClCompile Include="src\sw\controls\Control.cpp">
      <Filter>Source Files</Filter>
    </ClCompile>
  </ItemGroup>
  <ItemGroup>
    <ClInclude Include="src\sw\graph\Bitmap.h">
      <Filter>Header Files</Filter>
    </ClInclude>
    <ClInclude Include="src\sw\Task.h">
      <Filter>Header Files</Filter>
    </ClInclude>
    <ClInclude Include="src\sw\Dispatcher.h">
      <Filter>Header Files</Filter>
    </ClInclude>
    <ClInclude Include="src\sw\util\size.h">
      <Filter>Header Files</Filter>
    </ClInclude>
    <ClInclude Include="src\sw\util\math.h">
      <Filter>Header Files</Filter>
    </ClInclude>
    <ClInclude Include="src\sw\common.h">
      <Filter>Header Files</Filter>
    </ClInclude>
    <ClInclude Include="src\sw\util\color.h">
      <Filter>Header Files</Filter>
    </ClInclude>
    <ClInclude Include="src\sw\util\Point.h">
      <Filter>Header Files</Filter>
    </ClInclude>
    <ClInclude Include="src\sw\Window.h">
      <Filter>Header Files</Filter>
    </ClInclude>
    <ClInclude Include="src\sw\Application.h">
      <Filter>Header Files</Filter>
    </ClInclude>
    <ClInclude Include="src\sw\Property.h">
      <Filter>Header Files</Filter>
    </ClInclude>
    <ClInclude Include="src\sw\Logger.h">
      <Filter>Header Files</Filter>
    </ClInclude>
    <ClInclude Include="src\sw\Win32.h">
      <Filter>Header Files</Filter>
    </ClInclude>
    <ClInclude Include="src\sw\controls\ControlBase.h">
      <Filter>Header Files</Filter>
    </ClInclude>
    <ClInclude Include="src\sw\controls\RootControl.h">
      <Filter>Header Files</Filter>
    </ClInclude>
    <ClInclude Include="src\sw\controls\Control.h">
      <Filter>Header Files</Filter>
    </ClInclude>
    <ClInclude Include="src\sw\util\Thickness.h">
      <Filter>Header Files</Filter>
    </ClInclude>
    <ClInclude Include="src\sw\controls\ContainerControl.h">
      <Filter>Header Files</Filter>
    </ClInclude>
  </ItemGroup>
</Project>